
Microsoft Visual Studio Solution File, Format Version 12.00
# Visual Studio Version 17
VisualStudioVersion = 17.0.32014.148
MinimumVisualStudioVersion = 10.0.40219.1
Project("{FAE04EC0-301F-11D3-BF4B-00C04F79EFBC}") = "Learn- E", "Learn- E.csproj", "{DB6B89D0-91E4-4C10-9E17-A152B8AEB466}"
EndProject
Global
	GlobalSection(SolutionConfigurationPlatforms) = preSolution
		Debug|Any CPU = Debug|Any CPU
		Release|Any CPU = Release|Any CPU
	EndGlobalSection
	GlobalSection(ProjectConfigurationPlatforms) = postSolution
		{DB6B89D0-91E4-4C10-9E17-A152B8AEB466}.Debug|Any CPU.ActiveCfg = Debug|Any CPU
		{DB6B89D0-91E4-4C10-9E17-A152B8AEB466}.Debug|Any CPU.Build.0 = Debug|Any CPU
		{DB6B89D0-91E4-4C10-9E17-A152B8AEB466}.Release|Any CPU.ActiveCfg = Release|Any CPU
		{DB6B89D0-91E4-4C10-9E17-A152B8AEB466}.Release|Any CPU.Build.0 = Release|Any CPU
	EndGlobalSection
	GlobalSection(SolutionProperties) = preSolution
		HideSolutionNode = FALSE
	EndGlobalSection
	GlobalSection(ExtensibilityGlobals) = postSolution
		SolutionGuid = {EA95E450-40A1-4EF0-B058-1DF0D2ABD711}
	EndGlobalSection
EndGlobal
